
Microsoft Visual Studio Solution File, Format Version 12.00
# Visual Studio 14
VisualStudioVersion = 14.0.25420.1
MinimumVisualStudioVersion = 10.0.40219.1
Project("{FAE04EC0-301F-11D3-BF4B-00C04F79EFBC}") = "motorizados_servicio", "motorizados_servicio\motorizados_servicio.csproj", "{D0CCE632-53EF-4CBA-900E-BA5CC7B7341B}"
EndProject
Global
	GlobalSection(SolutionConfigurationPlatforms) = preSolution
		Debug|Any CPU = Debug|Any CPU
		Release|Any CPU = Release|Any CPU
	EndGlobalSection
	GlobalSection(ProjectConfigurationPlatforms) = postSolution
		{D0CCE632-53EF-4CBA-900E-BA5CC7B7341B}.Debug|Any CPU.ActiveCfg = Debug|Any CPU
		{D0CCE632-53EF-4CBA-900E-BA5CC7B7341B}.Debug|Any CPU.Build.0 = Debug|Any CPU
		{D0CCE632-53EF-4CBA-900E-BA5CC7B7341B}.Release|Any CPU.ActiveCfg = Release|Any CPU
		{D0CCE632-53EF-4CBA-900E-BA5CC7B7341B}.Release|Any CPU.Build.0 = Release|Any CPU
	EndGlobalSection
	GlobalSection(SolutionProperties) = preSolution
		HideSolutionNode = FALSE
	EndGlobalSection
EndGlobal
